
Microsoft Visual Studio Solution File, Format Version 12.00
# Visual Studio Version 16
VisualStudioVersion = 16.0.31424.327
MinimumVisualStudioVersion = 10.0.40219.1
Project("{9A19103F-16F7-4668-BE54-9A1E7A4F7556}") = "MyobExercise", "MyobExercise\MyobExercise.csproj", "{FAC91987-1C8B-4328-9C7F-5F6EE1C17C38}"
EndProject
Project("{FAE04EC0-301F-11D3-BF4B-00C04F79EFBC}") = "MyobExerciseTest", "MyobExerciseTest\MyobExerciseTest.csproj", "{56D1594E-0973-439F-A625-EA69CDC7AD15}"
EndProject
Global
	GlobalSection(SolutionConfigurationPlatforms) = preSolution
		Debug|Any CPU = Debug|Any CPU
		Release|Any CPU = Release|Any CPU
	EndGlobalSection
	GlobalSection(ProjectConfigurationPlatforms) = postSolution
		{FAC91987-1C8B-4328-9C7F-5F6EE1C17C38}.Debug|Any CPU.ActiveCfg = Debug|Any CPU
		{FAC91987-1C8B-4328-9C7F-5F6EE1C17C38}.Debug|Any CPU.Build.0 = Debug|Any CPU
		{FAC91987-1C8B-4328-9C7F-5F6EE1C17C38}.Release|Any CPU.ActiveCfg = Release|Any CPU
		{FAC91987-1C8B-4328-9C7F-5F6EE1C17C38}.Release|Any CPU.Build.0 = Release|Any CPU
		{56D1594E-0973-439F-A625-EA69CDC7AD15}.Debug|Any CPU.ActiveCfg = Debug|Any CPU
		{56D1594E-0973-439F-A625-EA69CDC7AD15}.Debug|Any CPU.Build.0 = Debug|Any CPU
		{56D1594E-0973-439F-A625-EA69CDC7AD15}.Release|Any CPU.ActiveCfg = Release|Any CPU
		{56D1594E-0973-439F-A625-EA69CDC7AD15}.Release|Any CPU.Build.0 = Release|Any CPU
	EndGlobalSection
	GlobalSection(SolutionProperties) = preSolution
		HideSolutionNode = FALSE
	EndGlobalSection
	GlobalSection(ExtensibilityGlobals) = postSolution
		SolutionGuid = {3FB308E9-F5C8-4A6F-B4D6-47C3A2DDEF54}
	EndGlobalSection
EndGlobal
